Microsoft Visual Studio Solution File, Format Version 12.00
# Visual Studio Version 17
VisualStudioVersion = 17.5.2.0
MinimumVisualStudioVersion = 10.0.40219.1
Project("{FAE04EC0-301F-11D3-BF4B-00C04F79EFBC}") = "Student-Grade", "Student-Grade.csproj", "{FDB067BD-F68C-5CA7-F78D-B08100DD43CE}"
EndProject
Global
	GlobalSection(SolutionConfigurationPlatforms) = preSolution
		Debug|Any CPU = Debug|Any CPU
		Release|Any CPU = Release|Any CPU
	EndGlobalSection
	GlobalSection(ProjectConfigurationPlatforms) = postSolution
		{FDB067BD-F68C-5CA7-F78D-B08100DD43CE}.Debug|Any CPU.ActiveCfg = Debug|Any CPU
		{FDB067BD-F68C-5CA7-F78D-B08100DD43CE}.Debug|Any CPU.Build.0 = Debug|Any CPU
		{FDB067BD-F68C-5CA7-F78D-B08100DD43CE}.Release|Any CPU.ActiveCfg = Release|Any CPU
		{FDB067BD-F68C-5CA7-F78D-B08100DD43CE}.Release|Any CPU.Build.0 = Release|Any CPU
	EndGlobalSection
	GlobalSection(SolutionProperties) = preSolution
		HideSolutionNode = FALSE
	EndGlobalSection
	GlobalSection(ExtensibilityGlobals) = postSolution
		SolutionGuid = {BF993EB9-1B7F-4BB1-965B-9383F358B03A}
	EndGlobalSection
EndGlobal
